# This file is automatically @generated by Cargo.
# It is not intended for manual editing.
version = 4

[[package]]
name = "riscv_common"
version = "0.1.0"
source = "git+https://github.com/matter-labs/zksync-airbender?tag=v0.4.3#c23fd0085ee87872e25ff83f780d2d0ee102a166"

[[package]]
name = "zksync_os_experiment_1"
version = "0.1.0"
dependencies = [
 "riscv_common",
]
